
Microsoft Visual Studio Solution File, Format Version 12.00
# Visual Studio Version 17
VisualStudioVersion = 17.0.31919.166
MinimumVisualStudioVersion = 10.0.40219.1
Project("{FAE04EC0-301F-11D3-BF4B-00C04F79EFBC}") = "Sample_1", "Sample_1\Sample_1.csproj", "{F21DB4B9-EFF8-440D-9166-E7D010EA517E}"
EndProject
Global
	GlobalSection(SolutionConfigurationPlatforms) = preSolution
		Debug|Any CPU = Debug|Any CPU
		Release|Any CPU = Release|Any CPU
	EndGlobalSection
	GlobalSection(ProjectConfigurationPlatforms) = postSolution
		{F21DB4B9-EFF8-440D-9166-E7D010EA517E}.Debug|Any CPU.ActiveCfg = Debug|Any CPU
		{F21DB4B9-EFF8-440D-9166-E7D010EA517E}.Debug|Any CPU.Build.0 = Debug|Any CPU
		{F21DB4B9-EFF8-440D-9166-E7D010EA517E}.Release|Any CPU.ActiveCfg = Release|Any CPU
		{F21DB4B9-EFF8-440D-9166-E7D010EA517E}.Release|Any CPU.Build.0 = Release|Any CPU
	EndGlobalSection
	GlobalSection(SolutionProperties) = preSolution
		HideSolutionNode = FALSE
	EndGlobalSection
	GlobalSection(ExtensibilityGlobals) = postSolution
		SolutionGuid = {9500FA61-7CD7-47CF-89AE-3483896BA8E0}
	EndGlobalSection
EndGlobal
