
Microsoft Visual Studio Solution File, Format Version 12.00
# Visual Studio Version 17
VisualStudioVersion = 17.0.31919.166
MinimumVisualStudioVersion = 10.0.40219.1
Project("{FAE04EC0-301F-11D3-BF4B-00C04F79EFBC}") = "Sample_2", "Sample_2\Sample_2.csproj", "{02F87DA7-F513-4B52-A631-16ECAA3D900B}"
EndProject
Global
	GlobalSection(SolutionConfigurationPlatforms) = preSolution
		Debug|Any CPU = Debug|Any CPU
		Release|Any CPU = Release|Any CPU
	EndGlobalSection
	GlobalSection(ProjectConfigurationPlatforms) = postSolution
		{02F87DA7-F513-4B52-A631-16ECAA3D900B}.Debug|Any CPU.ActiveCfg = Debug|Any CPU
		{02F87DA7-F513-4B52-A631-16ECAA3D900B}.Debug|Any CPU.Build.0 = Debug|Any CPU
		{02F87DA7-F513-4B52-A631-16ECAA3D900B}.Release|Any CPU.ActiveCfg = Release|Any CPU
		{02F87DA7-F513-4B52-A631-16ECAA3D900B}.Release|Any CPU.Build.0 = Release|Any CPU
	EndGlobalSection
	GlobalSection(SolutionProperties) = preSolution
		HideSolutionNode = FALSE
	EndGlobalSection
	GlobalSection(ExtensibilityGlobals) = postSolution
		SolutionGuid = {3B03AA8A-8174-4781-BEF3-16075CF86977}
	EndGlobalSection
EndGlobal
